
Microsoft Visual Studio Solution File, Format Version 12.00
# Visual Studio 2012
Project("{8BC9CEB8-8B4A-11D0-8D11-00A0C91BC942}") = "DS_LAB11_p2", "DS_LAB11_p2\DS_LAB11_p2.vcxproj", "{F6AEACFF-34BD-43E1-B32C-DC1C19ACF491}"
EndProject
Global
	GlobalSection(SolutionConfigurationPlatforms) = preSolution
		Debug|Win32 = Debug|Win32
		Release|Win32 = Release|Win32
	EndGlobalSection
	GlobalSection(ProjectConfigurationPlatforms) = postSolution
		{F6AEACFF-34BD-43E1-B32C-DC1C19ACF491}.Debug|Win32.ActiveCfg = Debug|Win32
		{F6AEACFF-34BD-43E1-B32C-DC1C19ACF491}.Debug|Win32.Build.0 = Debug|Win32
		{F6AEACFF-34BD-43E1-B32C-DC1C19ACF491}.Release|Win32.ActiveCfg = Release|Win32
		{F6AEACFF-34BD-43E1-B32C-DC1C19ACF491}.Release|Win32.Build.0 = Release|Win32
	EndGlobalSection
	GlobalSection(SolutionProperties) = preSolution
		HideSolutionNode = FALSE
	EndGlobalSection
EndGlobal
