
Microsoft Visual Studio Solution File, Format Version 12.00
# Visual Studio 2012
Project("{F184B08F-C81C-45F6-A57F-5ABD9991F28F}") = "DS_LAB7e", "DS_LAB7e\DS_LAB7e.vbproj", "{FCF77996-BAAE-4FC0-A562-5F4174E3CC83}"
EndProject
Global
	GlobalSection(SolutionConfigurationPlatforms) = preSolution
		Debug|Any CPU = Debug|Any CPU
		Release|Any CPU = Release|Any CPU
	EndGlobalSection
	GlobalSection(ProjectConfigurationPlatforms) = postSolution
		{FCF77996-BAAE-4FC0-A562-5F4174E3CC83}.Debug|Any CPU.ActiveCfg = Debug|Any CPU
		{FCF77996-BAAE-4FC0-A562-5F4174E3CC83}.Debug|Any CPU.Build.0 = Debug|Any CPU
		{FCF77996-BAAE-4FC0-A562-5F4174E3CC83}.Release|Any CPU.ActiveCfg = Release|Any CPU
		{FCF77996-BAAE-4FC0-A562-5F4174E3CC83}.Release|Any CPU.Build.0 = Release|Any CPU
	EndGlobalSection
	GlobalSection(SolutionProperties) = preSolution
		HideSolutionNode = FALSE
	EndGlobalSection
EndGlobal
